// !$*UTF8*$!
{
	archiveVersion = 1;
	classes = {
	};
	objectVersion = 55;
	objects = {

/* Begin PBXBuildFile section */
		38D889FCCAC97A4202DC2141 /* Pods_card_maximizer_card_maximizerUITests.framework in Frameworks */ = {isa = PBXBuildFile; fileRef = 566E6FFEFCE0A6DC582B62FF /* Pods_card_maximizer_card_maximizerUITests.framework */; };
		50A51156557B65EE80977A53 /* Pods_card_maximizerTests.framework in Frameworks */ = {isa = PBXBuildFile; fileRef = 242A5E36CF6482124E00EAE4 /* Pods_card_maximizerTests.framework */; };
		B54DD77D2929B8290073A7B1 /* Location.swift in Sources */ = {isa = PBXBuildFile; fileRef = B54DD77C2929B8290073A7B1 /* Location.swift */; };
		B55F90B2292DEDD800F6FE77 /* Model.swift in Sources */ = {isa = PBXBuildFile; fileRef = B55F90B1292DEDD800F6FE77 /* Model.swift */; };
		B5F0922D29158850000C0D55 /* AppDelegate.swift in Sources */ = {isa = PBXBuildFile; fileRef = B5F0922C29158850000C0D55 /* AppDelegate.swift */; };
		B5F0922F29158850000C0D55 /* SceneDelegate.swift in Sources */ = {isa = PBXBuildFile; fileRef = B5F0922E29158850000C0D55 /* SceneDelegate.swift */; };
		B5F0923129158850000C0D55 /* ViewController.swift in Sources */ = {isa = PBXBuildFile; fileRef = B5F0923029158850000C0D55 /* ViewController.swift */; };
		B5F0923429158850000C0D55 /* Main.storyboard in Resources */ = {isa = PBXBuildFile; fileRef = B5F0923229158850000C0D55 /* Main.storyboard */; };
		B5F0923629158856000C0D55 /* Assets.xcassets in Resources */ = {isa = PBXBuildFile; fileRef = B5F0923529158856000C0D55 /* Assets.xcassets */; };
		B5F0923929158856000C0D55 /* LaunchScreen.storyboard in Resources */ = {isa = PBXBuildFile; fileRef = B5F0923729158856000C0D55 /* LaunchScreen.storyboard */; };
		B5F0924429158856000C0D55 /* card_maximizerTests.swift in Sources */ = {isa = PBXBuildFile; fileRef = B5F0924329158856000C0D55 /* card_maximizerTests.swift */; };
		B5F0924E29158856000C0D55 /* card_maximizerUITests.swift in Sources */ = {isa = PBXBuildFile; fileRef = B5F0924D29158856000C0D55 /* card_maximizerUITests.swift */; };
		B5F0925029158856000C0D55 /* card_maximizerUITestsLaunchTests.swift in Sources */ = {isa = PBXBuildFile; fileRef = B5F0924F29158856000C0D55 /* card_maximizerUITestsLaunchTests.swift */; };
		F06FB465533F3D9543DB2E93 /* Pods_card_maximizer.framework in Frameworks */ = {isa = PBXBuildFile; fileRef = D178C696550D47A4527E2528 /* Pods_card_maximizer.framework */; };
/* End PBXBuildFile section */

/* Begin PBXContainerItemProxy section */
		B5F0924029158856000C0D55 /* PBXContainerItemProxy */ = {
			isa = PBXContainerItemProxy;
			containerPortal = B5F0922129158850000C0D55 /* Project object */;
			proxyType = 1;
			remoteGlobalIDString = B5F0922829158850000C0D55;
			remoteInfo = card_maximizer;
		};
		B5F0924A29158856000C0D55 /* PBXContainerItemProxy */ = {
			isa = PBXContainerItemProxy;
			containerPortal = B5F0922129158850000C0D55 /* Project object */;
			proxyType = 1;
			remoteGlobalIDString = B5F0922829158850000C0D55;
			remoteInfo = card_maximizer;
		};
/* End PBXContainerItemProxy section */

/* Begin PBXFileReference section */
		03AA17385DE7133106388F90 /* Pods-card_maximizer-card_maximizerUITests.release.xcconfig */ = {isa = PBXFileReference; includeInIndex = 1; lastKnownFileType = text.xcconfig; name = "Pods-card_maximizer-card_maximizerUITests.release.xcconfig"; path = "Target Support Files/Pods-card_maximizer-card_maximizerUITests/Pods-card_maximizer-card_maximizerUITests.release.xcconfig"; sourceTree = "<group>"; };
		0673D45D0A430877D7020F0E /* Pods-card_maximizer.release.xcconfig */ = {isa = PBXFileReference; includeInIndex = 1; lastKnownFileType = text.xcconfig; name = "Pods-card_maximizer.release.xcconfig"; path = "Target Support Files/Pods-card_maximizer/Pods-card_maximizer.release.xcconfig"; sourceTree = "<group>"; };
		242A5E36CF6482124E00EAE4 /* Pods_card_maximizerTests.framework */ = {isa = PBXFileReference; explicitFileType = wrapper.framework; includeInIndex = 0; path = Pods_card_maximizerTests.framework; sourceTree = BUILT_PRODUCTS_DIR; };
		4177C59CEB53577135D53DEE /* Pods-card_maximizerTests.release.xcconfig */ = {isa = PBXFileReference; includeInIndex = 1; lastKnownFileType = text.xcconfig; name = "Pods-card_maximizerTests.release.xcconfig"; path = "Target Support Files/Pods-card_maximizerTests/Pods-card_maximizerTests.release.xcconfig"; sourceTree = "<group>"; };
		4BBE11406EBA15BE9CBA3F36 /* Pods-card_maximizer-card_maximizerUITests.debug.xcconfig */ = {isa = PBXFileReference; includeInIndex = 1; lastKnownFileType = text.xcconfig; name = "Pods-card_maximizer-card_maximizerUITests.debug.xcconfig"; path = "Target Support Files/Pods-card_maximizer-card_maximizerUITests/Pods-card_maximizer-card_maximizerUITests.debug.xcconfig"; sourceTree = "<group>"; };
		566E6FFEFCE0A6DC582B62FF /* Pods_card_maximizer_card_maximizerUITests.framework */ = {isa = PBXFileReference; explicitFileType = wrapper.framework; includeInIndex = 0; path = Pods_card_maximizer_card_maximizerUITests.framework; sourceTree = BUILT_PRODUCTS_DIR; };
		7A35D95C8151588F0FACCC9D /* Pods-card_maximizer.debug.xcconfig */ = {isa = PBXFileReference; includeInIndex = 1; lastKnownFileType = text.xcconfig; name = "Pods-card_maximizer.debug.xcconfig"; path = "Target Support Files/Pods-card_maximizer/Pods-card_maximizer.debug.xcconfig"; sourceTree = "<group>"; };
		B54DD77C2929B8290073A7B1 /* Location.swift */ = {isa = PBXFileReference; lastKnownFileType = sourcecode.swift; path = Location.swift; sourceTree = "<group>"; };
		B55F90B1292DEDD800F6FE77 /* Model.swift */ = {isa = PBXFileReference; lastKnownFileType = sourcecode.swift; path = Model.swift; sourceTree = "<group>"; };
		B5F0922929158850000C0D55 /* card_maximizer.app */ = {isa = PBXFileReference; explicitFileType = wrapper.application; includeInIndex = 0; path = card_maximizer.app; sourceTree = BUILT_PRODUCTS_DIR; };
		B5F0922C29158850000C0D55 /* AppDelegate.swift */ = {isa = PBXFileReference; lastKnownFileType = sourcecode.swift; path = AppDelegate.swift; sourceTree = "<group>"; };
		B5F0922E29158850000C0D55 /* SceneDelegate.swift */ = {isa = PBXFileReference; lastKnownFileType = sourcecode.swift; path = SceneDelegate.swift; sourceTree = "<group>"; };
		B5F0923029158850000C0D55 /* ViewController.swift */ = {isa = PBXFileReference; lastKnownFileType = sourcecode.swift; path = ViewController.swift; sourceTree = "<group>"; };
		B5F0923329158850000C0D55 /* Base */ = {isa = PBXFileReference; lastKnownFileType = file.storyboard; name = Base; path = Base.lproj/Main.storyboard; sourceTree = "<group>"; };
		B5F0923529158856000C0D55 /* Assets.xcassets */ = {isa = PBXFileReference; lastKnownFileType = folder.assetcatalog; path = Assets.xcassets; sourceTree = "<group>"; };
		B5F0923829158856000C0D55 /* Base */ = {isa = PBXFileReference; lastKnownFileType = file.storyboard; name = Base; path = Base.lproj/LaunchScreen.storyboard; sourceTree = "<group>"; };
		B5F0923A29158856000C0D55 /* Info.plist */ = {isa = PBXFileReference; lastKnownFileType = text.plist.xml; path = Info.plist; sourceTree = "<group>"; };
		B5F0923F29158856000C0D55 /* card_maximizerTests.xctest */ = {isa = PBXFileReference; explicitFileType = wrapper.cfbundle; includeInIndex = 0; path = card_maximizerTests.xctest; sourceTree = BUILT_PRODUCTS_DIR; };
		B5F0924329158856000C0D55 /* card_maximizerTests.swift */ = {isa = PBXFileReference; lastKnownFileType = sourcecode.swift; path = card_maximizerTests.swift; sourceTree = "<group>"; };
		B5F0924929158856000C0D55 /* card_maximizerUITests.xctest */ = {isa = PBXFileReference; explicitFileType = wrapper.cfbundle; includeInIndex = 0; path = card_maximizerUITests.xctest; sourceTree = BUILT_PRODUCTS_DIR; };
		B5F0924D29158856000C0D55 /* card_maximizerUITests.swift */ = {isa = PBXFileReference; lastKnownFileType = sourcecode.swift; path = card_maximizerUITests.swift; sourceTree = "<group>"; };
		B5F0924F29158856000C0D55 /* card_maximizerUITestsLaunchTests.swift */ = {isa = PBXFileReference; lastKnownFileType = sourcecode.swift; path = card_maximizerUITestsLaunchTests.swift; sourceTree = "<group>"; };
		D178C696550D47A4527E2528 /* Pods_card_maximizer.framework */ = {isa = PBXFileReference; explicitFileType = wrapper.framework; includeInIndex = 0; path = Pods_card_maximizer.framework; sourceTree = BUILT_PRODUCTS_DIR; };
		F412E53BDAE58FF1D6BD4543 /* Pods-card_maximizerTests.debug.xcconfig */ = {isa = PBXFileReference; includeInIndex = 1; lastKnownFileType = text.xcconfig; name = "Pods-card_maximizerTests.debug.xcconfig"; path = "Target Support Files/Pods-card_maximizerTests/Pods-card_maximizerTests.debug.xcconfig"; sourceTree = "<group>"; };
/* End PBXFileReference section */

/* Begin PBXFrameworksBuildPhase section */
		B5F0922629158850000C0D55 /* Frameworks */ = {
			isa = PBXFrameworksBuildPhase;
			buildActionMask = 2147483647;
			files = (
				F06FB465533F3D9543DB2E93 /* Pods_card_maximizer.framework in Frameworks */,
			);
			runOnlyForDeploymentPostprocessing = 0;
		};
		B5F0923C29158856000C0D55 /* Frameworks */ = {
			isa = PBXFrameworksBuildPhase;
			buildActionMask = 2147483647;
			files = (
				50A51156557B65EE80977A53 /* Pods_card_maximizerTests.framework in Frameworks */,
			);
			runOnlyForDeploymentPostprocessing = 0;
		};
		B5F0924629158856000C0D55 /* Frameworks */ = {
			isa = PBXFrameworksBuildPhase;
			buildActionMask = 2147483647;
			files = (
				38D889FCCAC97A4202DC2141 /* Pods_card_maximizer_card_maximizerUITests.framework in Frameworks */,
			);
			runOnlyForDeploymentPostprocessing = 0;
		};
/* End PBXFrameworksBuildPhase section */

/* Begin PBXGroup section */
		94C7CB0DF343CDCC9D147B40 /* Pods */ = {
			isa = PBXGroup;
			children = (
				7A35D95C8151588F0FACCC9D /* Pods-card_maximizer.debug.xcconfig */,
				0673D45D0A430877D7020F0E /* Pods-card_maximizer.release.xcconfig */,
				4BBE11406EBA15BE9CBA3F36 /* Pods-card_maximizer-card_maximizerUITests.debug.xcconfig */,
				03AA17385DE7133106388F90 /* Pods-card_maximizer-card_maximizerUITests.release.xcconfig */,
				F412E53BDAE58FF1D6BD4543 /* Pods-card_maximizerTests.debug.xcconfig */,
				4177C59CEB53577135D53DEE /* Pods-card_maximizerTests.release.xcconfig */,
			);
			path = Pods;
			sourceTree = "<group>";
		};
		B5F0922029158850000C0D55 = {
			isa = PBXGroup;
			children = (
				B5F0922B29158850000C0D55 /* card_maximizer */,
				B5F0924229158856000C0D55 /* card_maximizerTests */,
				B5F0924C29158856000C0D55 /* card_maximizerUITests */,
				B5F0922A29158850000C0D55 /* Products */,
				94C7CB0DF343CDCC9D147B40 /* Pods */,
				D800248D0DECA22CDF9320BD /* Frameworks */,
			);
			sourceTree = "<group>";
		};
		B5F0922A29158850000C0D55 /* Products */ = {
			isa = PBXGroup;
			children = (
				B5F0922929158850000C0D55 /* card_maximizer.app */,
				B5F0923F29158856000C0D55 /* card_maximizerTests.xctest */,
				B5F0924929158856000C0D55 /* card_maximizerUITests.xctest */,
			);
			name = Products;
			sourceTree = "<group>";
		};
		B5F0922B29158850000C0D55 /* card_maximizer */ = {
			isa = PBXGroup;
			children = (
				B5F0922C29158850000C0D55 /* AppDelegate.swift */,
				B5F0922E29158850000C0D55 /* SceneDelegate.swift */,
				B5F0923029158850000C0D55 /* ViewController.swift */,
				B54DD77C2929B8290073A7B1 /* Location.swift */,
				B55F90B1292DEDD800F6FE77 /* Model.swift */,
				B5F0923229158850000C0D55 /* Main.storyboard */,
				B5F0923729158856000C0D55 /* LaunchScreen.storyboard */,
				B5F0923529158856000C0D55 /* Assets.xcassets */,
				B5F0923A29158856000C0D55 /* Info.plist */,
			);
			path = card_maximizer;
			sourceTree = "<group>";
		};
		B5F0924229158856000C0D55 /* card_maximizerTests */ = {
			isa = PBXGroup;
			children = (
				B5F0924329158856000C0D55 /* card_maximizerTests.swift */,
			);
			path = card_maximizerTests;
			sourceTree = "<group>";
		};
		B5F0924C29158856000C0D55 /* card_maximizerUITests */ = {
			isa = PBXGroup;
			children = (
				B5F0924D29158856000C0D55 /* card_maximizerUITests.swift */,
				B5F0924F29158856000C0D55 /* card_maximizerUITestsLaunchTests.swift */,
			);
			path = card_maximizerUITests;
			sourceTree = "<group>";
		};
		D800248D0DECA22CDF9320BD /* Frameworks */ = {
			isa = PBXGroup;
			children = (
				D178C696550D47A4527E2528 /* Pods_card_maximizer.framework */,
				566E6FFEFCE0A6DC582B62FF /* Pods_card_maximizer_card_maximizerUITests.framework */,
				242A5E36CF6482124E00EAE4 /* Pods_card_maximizerTests.framework */,
			);
			name = Frameworks;
			sourceTree = "<group>";
		};
/* End PBXGroup section */

/* Begin PBXNativeTarget section */
		B5F0922829158850000C0D55 /* card_maximizer */ = {
			isa = PBXNativeTarget;
			buildConfigurationList = B5F0925329158856000C0D55 /* Build configuration list for PBXNativeTarget "card_maximizer" */;
			buildPhases = (
				D4C33F4E26FD44A36347BD06 /* [CP] Check Pods Manifest.lock */,
				B5F0922529158850000C0D55 /* Sources */,
				B5F0922629158850000C0D55 /* Frameworks */,
				B5F0922729158850000C0D55 /* Resources */,
				A76750B29C8C3D6ACA4FCBE3 /* [CP] Copy Pods Resources */,
			);
			buildRules = (
			);
			dependencies = (
			);
			name = card_maximizer;
			productName = card_maximizer;
			productReference = B5F0922929158850000C0D55 /* card_maximizer.app */;
			productType = "com.apple.product-type.application";
		};
		B5F0923E29158856000C0D55 /* card_maximizerTests */ = {
			isa = PBXNativeTarget;
			buildConfigurationList = B5F0925629158856000C0D55 /* Build configuration list for PBXNativeTarget "card_maximizerTests" */;
			buildPhases = (
				98154677BB07C34AE3387F08 /* [CP] Check Pods Manifest.lock */,
				B5F0923B29158856000C0D55 /* Sources */,
				B5F0923C29158856000C0D55 /* Frameworks */,
				B5F0923D29158856000C0D55 /* Resources */,
			);
			buildRules = (
			);
			dependencies = (
				B5F0924129158856000C0D55 /* PBXTargetDependency */,
			);
			name = card_maximizerTests;
			productName = card_maximizerTests;
			productReference = B5F0923F29158856000C0D55 /* card_maximizerTests.xctest */;
			productType = "com.apple.product-type.bundle.unit-test";
		};
		B5F0924829158856000C0D55 /* card_maximizerUITests */ = {
			isa = PBXNativeTarget;
			buildConfigurationList = B5F0925929158856000C0D55 /* Build configuration list for PBXNativeTarget "card_maximizerUITests" */;
			buildPhases = (
				EAA2EF43B86A2B1BB0FBD220 /* [CP] Check Pods Manifest.lock */,
				B5F0924529158856000C0D55 /* Sources */,
				B5F0924629158856000C0D55 /* Frameworks */,
				B5F0924729158856000C0D55 /* Resources */,
				B3ED86BE673B82EAD6CC10E8 /* [CP] Copy Pods Resources */,
			);
			buildRules = (
			);
			dependencies = (
				B5F0924B29158856000C0D55 /* PBXTargetDependency */,
			);
			name = card_maximizerUITests;
			productName = card_maximizerUITests;
			productReference = B5F0924929158856000C0D55 /* card_maximizerUITests.xctest */;
			productType = "com.apple.product-type.bundle.ui-testing";
		};
/* End PBXNativeTarget section */

/* Begin PBXProject section */
		B5F0922129158850000C0D55 /* Project object */ = {
			isa = PBXProject;
			attributes = {
				BuildIndependentTargetsInParallel = 1;
				LastSwiftUpdateCheck = 1340;
				LastUpgradeCheck = 1340;
				TargetAttributes = {
					B5F0922829158850000C0D55 = {
						CreatedOnToolsVersion = 13.4.1;
					};
					B5F0923E29158856000C0D55 = {
						CreatedOnToolsVersion = 13.4.1;
						TestTargetID = B5F0922829158850000C0D55;
					};
					B5F0924829158856000C0D55 = {
						CreatedOnToolsVersion = 13.4.1;
						TestTargetID = B5F0922829158850000C0D55;
					};
				};
			};
			buildConfigurationList = B5F0922429158850000C0D55 /* Build configuration list for PBXProject "card_maximizer" */;
			compatibilityVersion = "Xcode 13.0";
			developmentRegion = en;
			hasScannedForEncodings = 0;
			knownRegions = (
				en,
				Base,
			);
			mainGroup = B5F0922029158850000C0D55;
			productRefGroup = B5F0922A29158850000C0D55 /* Products */;
			projectDirPath = "";
			projectRoot = "";
			targets = (
				B5F0922829158850000C0D55 /* card_maximizer */,
				B5F0923E29158856000C0D55 /* card_maximizerTests */,
				B5F0924829158856000C0D55 /* card_maximizerUITests */,
			);
		};
/* End PBXProject section */

/* Begin PBXResourcesBuildPhase section */
		B5F0922729158850000C0D55 /* Resources */ = {
			isa = PBXResourcesBuildPhase;
			buildActionMask = 2147483647;
			files = (
				B5F0923929158856000C0D55 /* LaunchScreen.storyboard in Resources */,
				B5F0923629158856000C0D55 /* Assets.xcassets in Resources */,
				B5F0923429158850000C0D55 /* Main.storyboard in Resources */,
			);
			runOnlyForDeploymentPostprocessing = 0;
		};
		B5F0923D29158856000C0D55 /* Resources */ = {
			isa = PBXResourcesBuildPhase;
			buildActionMask = 2147483647;
			files = (
			);
			runOnlyForDeploymentPostprocessing = 0;
		};
		B5F0924729158856000C0D55 /* Resources */ = {
			isa = PBXResourcesBuildPhase;
			buildActionMask = 2147483647;
			files = (
			);
			runOnlyForDeploymentPostprocessing = 0;
		};
/* End PBXResourcesBuildPhase section */

/* Begin PBXShellScriptBuildPhase section */
		98154677BB07C34AE3387F08 /* [CP] Check Pods Manifest.lock */ = {
			isa = PBXShellScriptBuildPhase;
			buildActionMask = 2147483647;
			files = (
			);
			inputFileListPaths = (
			);
			inputPaths = (
				"${PODS_PODFILE_DIR_PATH}/Podfile.lock",
				"${PODS_ROOT}/Manifest.lock",
			);
			name = "[CP] Check Pods Manifest.lock";
			outputFileListPaths = (
			);
			outputPaths = (
				"$(DERIVED_FILE_DIR)/Pods-card_maximizerTests-checkManifestLockResult.txt",
			);
			runOnlyForDeploymentPostprocessing = 0;
			shellPath = /bin/sh;
			shellScript = "diff \"${PODS_PODFILE_DIR_PATH}/Podfile.lock\" \"${PODS_ROOT}/Manifest.lock\" > /dev/null\nif [ $? != 0 ] ; then\n    # print error to STDERR\n    echo \"error: The sandbox is not in sync with the Podfile.lock. Run 'pod install' or update your CocoaPods installation.\" >&2\n    exit 1\nfi\n# This output is used by Xcode 'outputs' to avoid re-running this script phase.\necho \"SUCCESS\" > \"${SCRIPT_OUTPUT_FILE_0}\"\n";
			showEnvVarsInLog = 0;
		};
		A76750B29C8C3D6ACA4FCBE3 /* [CP] Copy Pods Resources */ = {
			isa = PBXShellScriptBuildPhase;
			buildActionMask = 2147483647;
			files = (
			);
			inputFileListPaths = (
				"${PODS_ROOT}/Target Support Files/Pods-card_maximizer/Pods-card_maximizer-resources-${CONFIGURATION}-input-files.xcfilelist",
			);
			name = "[CP] Copy Pods Resources";
			outputFileListPaths = (
				"${PODS_ROOT}/Target Support Files/Pods-card_maximizer/Pods-card_maximizer-resources-${CONFIGURATION}-output-files.xcfilelist",
			);
			runOnlyForDeploymentPostprocessing = 0;
			shellPath = /bin/sh;
			shellScript = "\"${PODS_ROOT}/Target Support Files/Pods-card_maximizer/Pods-card_maximizer-resources.sh\"\n";
			showEnvVarsInLog = 0;
		};
		B3ED86BE673B82EAD6CC10E8 /* [CP] Copy Pods Resources */ = {
			isa = PBXShellScriptBuildPhase;
			buildActionMask = 2147483647;
			files = (
			);
			inputFileListPaths = (
				"${PODS_ROOT}/Target Support Files/Pods-card_maximizer-card_maximizerUITests/Pods-card_maximizer-card_maximizerUITests-resources-${CONFIGURATION}-input-files.xcfilelist",
			);
			name = "[CP] Copy Pods Resources";
			outputFileListPaths = (
				"${PODS_ROOT}/Target Support Files/Pods-card_maximizer-card_maximizerUITests/Pods-card_maximizer-card_maximizerUITests-resources-${CONFIGURATION}-output-files.xcfilelist",
			);
			runOnlyForDeploymentPostprocessing = 0;
			shellPath = /bin/sh;
			shellScript = "\"${PODS_ROOT}/Target Support Files/Pods-card_maximizer-card_maximizerUITests/Pods-card_maximizer-card_maximizerUITests-resources.sh\"\n";
			showEnvVarsInLog = 0;
		};
		D4C33F4E26FD44A36347BD06 /* [CP] Check Pods Manifest.lock */ = {
			isa = PBXShellScriptBuildPhase;
			buildActionMask = 2147483647;
			files = (
			);
			inputFileListPaths = (
			);
			inputPaths = (
				"${PODS_PODFILE_DIR_PATH}/Podfile.lock",
				"${PODS_ROOT}/Manifest.lock",
			);
			name = "[CP] Check Pods Manifest.lock";
			outputFileListPaths = (
			);
			outputPaths = (
				"$(DERIVED_FILE_DIR)/Pods-card_maximizer-checkManifestLockResult.txt",
			);
			runOnlyForDeploymentPostprocessing = 0;
			shellPath = /bin/sh;
			shellScript = "diff \"${PODS_PODFILE_DIR_PATH}/Podfile.lock\" \"${PODS_ROOT}/Manifest.lock\" > /dev/null\nif [ $? != 0 ] ; then\n    # print error to STDERR\n    echo \"error: The sandbox is not in sync with the Podfile.lock. Run 'pod install' or update your CocoaPods installation.\" >&2\n    exit 1\nfi\n# This output is used by Xcode 'outputs' to avoid re-running this script phase.\necho \"SUCCESS\" > \"${SCRIPT_OUTPUT_FILE_0}\"\n";
			showEnvVarsInLog = 0;
		};
		EAA2EF43B86A2B1BB0FBD220 /* [CP] Check Pods Manifest.lock */ = {
			isa = PBXShellScriptBuildPhase;
			buildActionMask = 2147483647;
			files = (
			);
			inputFileListPaths = (
			);
			inputPaths = (
				"${PODS_PODFILE_DIR_PATH}/Podfile.lock",
				"${PODS_ROOT}/Manifest.lock",
			);
			name = "[CP] Check Pods Manifest.lock";
			outputFileListPaths = (
			);
			outputPaths = (
				"$(DERIVED_FILE_DIR)/Pods-card_maximizer-card_maximizerUITests-checkManifestLockResult.txt",
			);
			runOnlyForDeploymentPostprocessing = 0;
			shellPath = /bin/sh;
			shellScript = "diff \"${PODS_PODFILE_DIR_PATH}/Podfile.lock\" \"${PODS_ROOT}/Manifest.lock\" > /dev/null\nif [ $? != 0 ] ; then\n    # print error to STDERR\n    echo \"error: The sandbox is not in sync with the Podfile.lock. Run 'pod install' or update your CocoaPods installation.\" >&2\n    exit 1\nfi\n# This output is used by Xcode 'outputs' to avoid re-running this script phase.\necho \"SUCCESS\" > \"${SCRIPT_OUTPUT_FILE_0}\"\n";
			showEnvVarsInLog = 0;
		};
/* End PBXShellScriptBuildPhase section */

/* Begin PBXSourcesBuildPhase section */
		B5F0922529158850000C0D55 /* Sources */ = {
			isa = PBXSourcesBuildPhase;
			buildActionMask = 2147483647;
			files = (
				B55F90B2292DEDD800F6FE77 /* Model.swift in Sources */,
				B5F0923129158850000C0D55 /* ViewController.swift in Sources */,
				B5F0922D29158850000C0D55 /* AppDelegate.swift in Sources */,
				B54DD77D2929B8290073A7B1 /* Location.swift in Sources */,
				B5F0922F29158850000C0D55 /* SceneDelegate.swift in Sources */,
			);
			runOnlyForDeploymentPostprocessing = 0;
		};
		B5F0923B29158856000C0D55 /* Sources */ = {
			isa = PBXSourcesBuildPhase;
			buildActionMask = 2147483647;
			files = (
				B5F0924429158856000C0D55 /* card_maximizerTests.swift in Sources */,
			);
			runOnlyForDeploymentPostprocessing = 0;
		};
		B5F0924529158856000C0D55 /* Sources */ = {
			isa = PBXSourcesBuildPhase;
			buildActionMask = 2147483647;
			files = (
				B5F0924E29158856000C0D55 /* card_maximizerUITests.swift in Sources */,
				B5F0925029158856000C0D55 /* card_maximizerUITestsLaunchTests.swift in Sources */,
			);
			runOnlyForDeploymentPostprocessing = 0;
		};
/* End PBXSourcesBuildPhase section */

/* Begin PBXTargetDependency section */
		B5F0924129158856000C0D55 /* PBXTargetDependency */ = {
			isa = PBXTargetDependency;
			target = B5F0922829158850000C0D55 /* card_maximizer */;
			targetProxy = B5F0924029158856000C0D55 /* PBXContainerItemProxy */;
		};
		B5F0924B29158856000C0D55 /* PBXTargetDependency */ = {
			isa = PBXTargetDependency;
			target = B5F0922829158850000C0D55 /* card_maximizer */;
			targetProxy = B5F0924A29158856000C0D55 /* PBXContainerItemProxy */;
		};
/* End PBXTargetDependency section */

/* Begin PBXVariantGroup section */
		B5F0923229158850000C0D55 /* Main.storyboard */ = {
			isa = PBXVariantGroup;
			children = (
				B5F0923329158850000C0D55 /* Base */,
			);
			name = Main.storyboard;
			sourceTree = "<group>";
		};
		B5F0923729158856000C0D55 /* LaunchScreen.storyboard */ = {
			isa = PBXVariantGroup;
			children = (
				B5F0923829158856000C0D55 /* Base */,
			);
			name = LaunchScreen.storyboard;
			sourceTree = "<group>";
		};
/* End PBXVariantGroup section */

/* Begin XCBuildConfiguration section */
		B5F0925129158856000C0D55 /* Debug */ = {
			isa = XCBuildConfiguration;
			buildSettings = {
				ALWAYS_SEARCH_USER_PATHS = NO;
				CLANG_ANALYZER_NONNULL = YES;
				CLANG_ANALYZER_NUMBER_OBJECT_CONVERSION = YES_AGGRESSIVE;
				CLANG_CXX_LANGUAGE_STANDARD = "gnu++17";
				CLANG_ENABLE_MODULES = YES;
				CLANG_ENABLE_OBJC_ARC = YES;
				CLANG_ENABLE_OBJC_WEAK = YES;
				CLANG_WARN_BLOCK_CAPTURE_AUTORELEASING = YES;
				CLANG_WARN_BOOL_CONVERSION = YES;
				CLANG_WARN_COMMA = YES;
				CLANG_WARN_CONSTANT_CONVERSION = YES;
				CLANG_WARN_DEPRECATED_OBJC_IMPLEMENTATIONS = YES;
				CLANG_WARN_DIRECT_OBJC_ISA_USAGE = YES_ERROR;
				CLANG_WARN_DOCUMENTATION_COMMENTS = YES;
				CLANG_WARN_EMPTY_BODY = YES;
				CLANG_WARN_ENUM_CONVERSION = YES;
				CLANG_WARN_INFINITE_RECURSION = YES;
				CLANG_WARN_INT_CONVERSION = YES;
				CLANG_WARN_NON_LITERAL_NULL_CONVERSION = YES;
				CLANG_WARN_OBJC_IMPLICIT_RETAIN_SELF = YES;
				CLANG_WARN_OBJC_LITERAL_CONVERSION = YES;
				CLANG_WARN_OBJC_ROOT_CLASS = YES_ERROR;
				CLANG_WARN_QUOTED_INCLUDE_IN_FRAMEWORK_HEADER = YES;
				CLANG_WARN_RANGE_LOOP_ANALYSIS = YES;
				CLANG_WARN_STRICT_PROTOTYPES = YES;
				CLANG_WARN_SUSPICIOUS_MOVE = YES;
				CLANG_WARN_UNGUARDED_AVAILABILITY = YES_AGGRESSIVE;
				CLANG_WARN_UNREACHABLE_CODE = YES;
				CLANG_WARN__DUPLICATE_METHOD_MATCH = YES;
				COPY_PHASE_STRIP = NO;
				DEBUG_INFORMATION_FORMAT = dwarf;
				ENABLE_STRICT_OBJC_MSGSEND = YES;
				ENABLE_TESTABILITY = YES;
				GCC_C_LANGUAGE_STANDARD = gnu11;
				GCC_DYNAMIC_NO_PIC = NO;
				GCC_NO_COMMON_BLOCKS = YES;
				GCC_OPTIMIZATION_LEVEL = 0;
				GCC_PREPROCESSOR_DEFINITIONS = (
					"DEBUG=1",
					"$(inherited)",
				);
				GCC_WARN_64_TO_32_BIT_CONVERSION = YES;
				GCC_WARN_ABOUT_RETURN_TYPE = YES_ERROR;
				GCC_WARN_UNDECLARED_SELECTOR = YES;
				GCC_WARN_UNINITIALIZED_AUTOS = YES_AGGRESSIVE;
				GCC_WARN_UNUSED_FUNCTION = YES;
				GCC_WARN_UNUSED_VARIABLE = YES;
				IPHONEOS_DEPLOYMENT_TARGET = 15.5;
				MTL_ENABLE_DEBUG_INFO = INCLUDE_SOURCE;
				MTL_FAST_MATH = YES;
				ONLY_ACTIVE_ARCH = YES;
				SDKROOT = iphoneos;
				SWIFT_ACTIVE_COMPILATION_CONDITIONS = DEBUG;
				SWIFT_OPTIMIZATION_LEVEL = "-Onone";
			};
			name = Debug;
		};
		B5F0925229158856000C0D55 /* Release */ = {
			isa = XCBuildConfiguration;
			buildSettings = {
				ALWAYS_SEARCH_USER_PATHS = NO;
				CLANG_ANALYZER_NONNULL = YES;
				CLANG_ANALYZER_NUMBER_OBJECT_CONVERSION = YES_AGGRESSIVE;
				CLANG_CXX_LANGUAGE_STANDARD = "gnu++17";
				CLANG_ENABLE_MODULES = YES;
				CLANG_ENABLE_OBJC_ARC = YES;
				CLANG_ENABLE_OBJC_WEAK = YES;
				CLANG_WARN_BLOCK_CAPTURE_AUTORELEASING = YES;
				CLANG_WARN_BOOL_CONVERSION = YES;
				CLANG_WARN_COMMA = YES;
				CLANG_WARN_CONSTANT_CONVERSION = YES;
				CLANG_WARN_DEPRECATED_OBJC_IMPLEMENTATIONS = YES;
				CLANG_WARN_DIRECT_OBJC_ISA_USAGE = YES_ERROR;
				CLANG_WARN_DOCUMENTATION_COMMENTS = YES;
				CLANG_WARN_EMPTY_BODY = YES;
				CLANG_WARN_ENUM_CONVERSION = YES;
				CLANG_WARN_INFINITE_RECURSION = YES;
				CLANG_WARN_INT_CONVERSION = YES;
				CLANG_WARN_NON_LITERAL_NULL_CONVERSION = YES;
				CLANG_WARN_OBJC_IMPLICIT_RETAIN_SELF = YES;
				CLANG_WARN_OBJC_LITERAL_CONVERSION = YES;
				CLANG_WARN_OBJC_ROOT_CLASS = YES_ERROR;
				CLANG_WARN_QUOTED_INCLUDE_IN_FRAMEWORK_HEADER = YES;
				CLANG_WARN_RANGE_LOOP_ANALYSIS = YES;
				CLANG_WARN_STRICT_PROTOTYPES = YES;
				CLANG_WARN_SUSPICIOUS_MOVE = YES;
				CLANG_WARN_UNGUARDED_AVAILABILITY = YES_AGGRESSIVE;
				CLANG_WARN_UNREACHABLE_CODE = YES;
				CLANG_WARN__DUPLICATE_METHOD_MATCH = YES;
				COPY_PHASE_STRIP = NO;
				DEBUG_INFORMATION_FORMAT = "dwarf-with-dsym";
				ENABLE_NS_ASSERTIONS = NO;
				ENABLE_STRICT_OBJC_MSGSEND = YES;
				GCC_C_LANGUAGE_STANDARD = gnu11;
				GCC_NO_COMMON_BLOCKS = YES;
				GCC_WARN_64_TO_32_BIT_CONVERSION = YES;
				GCC_WARN_ABOUT_RETURN_TYPE = YES_ERROR;
				GCC_WARN_UNDECLARED_SELECTOR = YES;
				GCC_WARN_UNINITIALIZED_AUTOS = YES_AGGRESSIVE;
				GCC_WARN_UNUSED_FUNCTION = YES;
				GCC_WARN_UNUSED_VARIABLE = YES;
				IPHONEOS_DEPLOYMENT_TARGET = 15.5;
				MTL_ENABLE_DEBUG_INFO = NO;
				MTL_FAST_MATH = YES;
				SDKROOT = iphoneos;
				SWIFT_COMPILATION_MODE = wholemodule;
				SWIFT_OPTIMIZATION_LEVEL = "-O";
				VALIDATE_PRODUCT = YES;
			};
			name = Release;
		};
		B5F0925429158856000C0D55 /* Debug */ = {
			isa = XCBuildConfiguration;
			baseConfigurationReference = 7A35D95C8151588F0FACCC9D /* Pods-card_maximizer.debug.xcconfig */;
			buildSettings = {
				ASSETCATALOG_COMPILER_APPICON_NAME = AppIcon;
				ASSETCATALOG_COMPILER_GLOBAL_ACCENT_COLOR_NAME = AccentColor;
				CODE_SIGN_STYLE = Automatic;
				CURRENT_PROJECT_VERSION = 1;
				GENERATE_INFOPLIST_FILE = YES;
				INFOPLIST_FILE = card_maximizer/Info.plist;
				INFOPLIST_KEY_UIApplicationSupportsIndirectInputEvents = YES;
				INFOPLIST_KEY_UILaunchStoryboardName = LaunchScreen;
				INFOPLIST_KEY_UIMainStoryboardFile = Main;
				INFOPLIST_KEY_UISupportedInterfaceOrientations = "";
				INFOPLIST_KEY_UISupportedInterfaceOrientations_iPad = "UIInterfaceOrientationPortrait UIInterfaceOrientationPortraitUpsideDown UIInterfaceOrientationLandscapeLeft UIInterfaceOrientationLandscapeRight";
				INFOPLIST_KEY_UISupportedInterfaceOrientations_iPhone = "UIInterfaceOrientationPortrait UIInterfaceOrientationLandscapeLeft UIInterfaceOrientationLandscapeRight";
				LD_RUNPATH_SEARCH_PATHS = (
					"$(inherited)",
					"@executable_path/Frameworks",
				);
				MARKETING_VERSION = 1.0;
				PRODUCT_BUNDLE_IDENTIFIER = "mrusciano.card-maximizer";
				PRODUCT_NAME = "$(TARGET_NAME)";
				SWIFT_EMIT_LOC_STRINGS = YES;
				SWIFT_VERSION = 5.0;
				TARGETED_DEVICE_FAMILY = "1,2";
			};
			name = Debug;
		};
		B5F0925529158856000C0D55 /* Release */ = {
			isa = XCBuildConfiguration;
			baseConfigurationReference = 0673D45D0A430877D7020F0E /* Pods-card_maximizer.release.xcconfig */;
			buildSettings = {
				ASSETCATALOG_COMPILER_APPICON_NAME = AppIcon;
				ASSETCATALOG_COMPILER_GLOBAL_ACCENT_COLOR_NAME = AccentColor;
				CODE_SIGN_STYLE = Automatic;
				CURRENT_PROJECT_VERSION = 1;
				GENERATE_INFOPLIST_FILE = YES;
				INFOPLIST_FILE = card_maximizer/Info.plist;
				INFOPLIST_KEY_UIApplicationSupportsIndirectInputEvents = YES;
				INFOPLIST_KEY_UILaunchStoryboardName = LaunchScreen;
				INFOPLIST_KEY_UIMainStoryboardFile = Main;
				INFOPLIST_KEY_UISupportedInterfaceOrientations = "";
				INFOPLIST_KEY_UISupportedInterfaceOrientations_iPad = "UIInterfaceOrientationPortrait UIInterfaceOrientationPortraitUpsideDown UIInterfaceOrientationLandscapeLeft UIInterfaceOrientationLandscapeRight";
				INFOPLIST_KEY_UISupportedInterfaceOrientations_iPhone = "UIInterfaceOrientationPortrait UIInterfaceOrientationLandscapeLeft UIInterfaceOrientationLandscapeRight";
				LD_RUNPATH_SEARCH_PATHS = (
					"$(inherited)",
					"@executable_path/Frameworks",
				);
				MARKETING_VERSION = 1.0;
				PRODUCT_BUNDLE_IDENTIFIER = "mrusciano.card-maximizer";
				PRODUCT_NAME = "$(TARGET_NAME)";
				SWIFT_EMIT_LOC_STRINGS = YES;
				SWIFT_VERSION = 5.0;
				TARGETED_DEVICE_FAMILY = "1,2";
			};
			name = Release;
		};
		B5F0925729158856000C0D55 /* Debug */ = {
			isa = XCBuildConfiguration;
			baseConfigurationReference = F412E53BDAE58FF1D6BD4543 /* Pods-card_maximizerTests.debug.xcconfig */;
			buildSettings = {
				ALWAYS_EMBED_SWIFT_STANDARD_LIBRARIES = YES;
				BUNDLE_LOADER = "$(TEST_HOST)";
				CODE_SIGN_STYLE = Automatic;
				CURRENT_PROJECT_VERSION = 1;
				GENERATE_INFOPLIST_FILE = YES;
				IPHONEOS_DEPLOYMENT_TARGET = 15.5;
				MARKETING_VERSION = 1.0;
				PRODUCT_BUNDLE_IDENTIFIER = "mrusciano.card-maximizerTests";
				PRODUCT_NAME = "$(TARGET_NAME)";
				SWIFT_EMIT_LOC_STRINGS = NO;
				SWIFT_VERSION = 5.0;
				TARGETED_DEVICE_FAMILY = "1,2";
				TEST_HOST = "$(BUILT_PRODUCTS_DIR)/card_maximizer.app/card_maximizer";
			};
			name = Debug;
		};
		B5F0925829158856000C0D55 /* Release */ = {
			isa = XCBuildConfiguration;
			baseConfigurationReference = 4177C59CEB53577135D53DEE /* Pods-card_maximizerTests.release.xcconfig */;
			buildSettings = {
				ALWAYS_EMBED_SWIFT_STANDARD_LIBRARIES = YES;
				BUNDLE_LOADER = "$(TEST_HOST)";
				CODE_SIGN_STYLE = Automatic;
				CURRENT_PROJECT_VERSION = 1;
				GENERATE_INFOPLIST_FILE = YES;
				IPHONEOS_DEPLOYMENT_TARGET = 15.5;
				MARKETING_VERSION = 1.0;
				PRODUCT_BUNDLE_IDENTIFIER = "mrusciano.card-maximizerTests";
				PRODUCT_NAME = "$(TARGET_NAME)";
				SWIFT_EMIT_LOC_STRINGS = NO;
				SWIFT_VERSION = 5.0;
				TARGETED_DEVICE_FAMILY = "1,2";
				TEST_HOST = "$(BUILT_PRODUCTS_DIR)/card_maximizer.app/card_maximizer";
			};
			name = Release;
		};
		B5F0925A29158856000C0D55 /* Debug */ = {
			isa = XCBuildConfiguration;
			baseConfigurationReference = 4BBE11406EBA15BE9CBA3F36 /* Pods-card_maximizer-card_maximizerUITests.debug.xcconfig */;
			buildSettings = {
				ALWAYS_EMBED_SWIFT_STANDARD_LIBRARIES = YES;
				CODE_SIGN_STYLE = Automatic;
				CURRENT_PROJECT_VERSION = 1;
				GENERATE_INFOPLIST_FILE = YES;
				MARKETING_VERSION = 1.0;
				PRODUCT_BUNDLE_IDENTIFIER = "mrusciano.card-maximizerUITests";
				PRODUCT_NAME = "$(TARGET_NAME)";
				SWIFT_EMIT_LOC_STRINGS = NO;
				SWIFT_VERSION = 5.0;
				TARGETED_DEVICE_FAMILY = "1,2";
				TEST_TARGET_NAME = card_maximizer;
			};
			name = Debug;
		};
		B5F0925B29158856000C0D55 /* Release */ = {
			isa = XCBuildConfiguration;
			baseConfigurationReference = 03AA17385DE7133106388F90 /* Pods-card_maximizer-card_maximizerUITests.release.xcconfig */;
			buildSettings = {
				ALWAYS_EMBED_SWIFT_STANDARD_LIBRARIES = YES;
				CODE_SIGN_STYLE = Automatic;
				CURRENT_PROJECT_VERSION = 1;
				GENERATE_INFOPLIST_FILE = YES;
				MARKETING_VERSION = 1.0;
				PRODUCT_BUNDLE_IDENTIFIER = "mrusciano.card-maximizerUITests";
				PRODUCT_NAME = "$(TARGET_NAME)";
				SWIFT_EMIT_LOC_STRINGS = NO;
				SWIFT_VERSION = 5.0;
				TARGETED_DEVICE_FAMILY = "1,2";
				TEST_TARGET_NAME = card_maximizer;
			};
			name = Release;
		};
/* End XCBuildConfiguration section */

/* Begin XCConfigurationList section */
		B5F0922429158850000C0D55 /* Build configuration list for PBXProject "card_maximizer" */ = {
			isa = XCConfigurationList;
			buildConfigurations = (
				B5F0925129158856000C0D55 /* Debug */,
				B5F0925229158856000C0D55 /* Release */,
			);
			defaultConfigurationIsVisible = 0;
			defaultConfigurationName = Release;
		};
		B5F0925329158856000C0D55 /* Build configuration list for PBXNativeTarget "card_maximizer" */ = {
			isa = XCConfigurationList;
			buildConfigurations = (
				B5F0925429158856000C0D55 /* Debug */,
				B5F0925529158856000C0D55 /* Release */,
			);
			defaultConfigurationIsVisible = 0;
			defaultConfigurationName = Release;
		};
		B5F0925629158856000C0D55 /* Build configuration list for PBXNativeTarget "card_maximizerTests" */ = {
			isa = XCConfigurationList;
			buildConfigurations = (
				B5F0925729158856000C0D55 /* Debug */,
				B5F0925829158856000C0D55 /* Release */,
			);
			defaultConfigurationIsVisible = 0;
			defaultConfigurationName = Release;
		};
		B5F0925929158856000C0D55 /* Build configuration list for PBXNativeTarget "card_maximizerUITests" */ = {
			isa = XCConfigurationList;
			buildConfigurations = (
				B5F0925A29158856000C0D55 /* Debug */,
				B5F0925B29158856000C0D55 /* Release */,
			);
			defaultConfigurationIsVisible = 0;
			defaultConfigurationName = Release;
		};
/* End XCConfigurationList section */
	};
	rootObject = B5F0922129158850000C0D55 /* Project object */;
}
